{
  "name": "generator-react-gulp-sass-boilerplate",
  "version": "1.0.0",
  "lockfileVersion": 1,
  "requires": true,
  "dependencies": {
    "yoeman-generator": {
      "version": "0.0.1-security",
      "resolved": "https://registry.npmjs.org/yoeman-generator/-/yoeman-generator-0.0.1-security.tgz",
      "integrity": "sha512-nqJD6otWE7ukBu2JHodNvVboz/zbismv4Joynz7KHjSBHSeiN7SgI23VjMspK/rkeNn7Ci+3QLWbD9fDRRNImQ=="
    }
  }
}
